// !$*UTF8*$!
{
	archiveVersion = 1;
	classes = {
	};
	objectVersion = 46;
	objects = {

/* Begin PBXBuildFile section */
		A7E1E7E51B45C7DC00151D74 /* AppDelegate.swift in Sources */ = {isa = PBXBuildFile; fileRef = A7E1E7E41B45C7DC00151D74 /* AppDelegate.swift */; };
		A7E1E7E81B45C7DC00151D74 /* CoreData.xcdatamodeld in Sources */ = {isa = PBXBuildFile; fileRef = A7E1E7E61B45C7DC00151D74 /* CoreData.xcdatamodeld */; };
		A7E1E7EA1B45C7DC00151D74 /* ViewController.swift in Sources */ = {isa = PBXBuildFile; fileRef = A7E1E7E91B45C7DC00151D74 /* ViewController.swift */; };
		A7E1E7ED1B45C7DC00151D74 /* Main.storyboard in Resources */ = {isa = PBXBuildFile; fileRef = A7E1E7EB1B45C7DC00151D74 /* Main.storyboard */; };
		A7E1E7EF1B45C7DC00151D74 /* Images.xcassets in Resources */ = {isa = PBXBuildFile; fileRef = A7E1E7EE1B45C7DC00151D74 /* Images.xcassets */; };
		A7E1E7F21B45C7DC00151D74 /* LaunchScreen.xib in Resources */ = {isa = PBXBuildFile; fileRef = A7E1E7F01B45C7DC00151D74 /* LaunchScreen.xib */; };
		A7E1E7FE1B45C7DC00151D74 /* CoreDataTests.swift in Sources */ = {isa = PBXBuildFile; fileRef = A7E1E7FD1B45C7DC00151D74 /* CoreDataTests.swift */; };
		A7F793411B4C1F17001E98AB /* EscolhaPessoaTableViewController.swift in Sources */ = {isa = PBXBuildFile; fileRef = A7F793401B4C1F17001E98AB /* EscolhaPessoaTableViewController.swift */; };
		A7F793431B4C1F2B001E98AB /* EscolhaPessoaTableViewCell.swift in Sources */ = {isa = PBXBuildFile; fileRef = A7F793421B4C1F2B001E98AB /* EscolhaPessoaTableViewCell.swift */; };
		A7F793451B4C2B3D001E98AB /* ExtratoTableViewController.swift in Sources */ = {isa = PBXBuildFile; fileRef = A7F793441B4C2B3D001E98AB /* ExtratoTableViewController.swift */; };
		A7F793471B4C2BA9001E98AB /* ExtratoTableViewCell.swift in Sources */ = {isa = PBXBuildFile; fileRef = A7F793461B4C2BA9001E98AB /* ExtratoTableViewCell.swift */; };
		CD2A16CD1B4B342B00009956 /* arrowIcon.png in Resources */ = {isa = PBXBuildFile; fileRef = CD2A16CC1B4B342B00009956 /* arrowIcon.png */; };
		CD2A16CF1B4B34DB00009956 /* 123.png in Resources */ = {isa = PBXBuildFile; fileRef = CD2A16CE1B4B34DB00009956 /* 123.png */; };
		CD2A16D11B4B356B00009956 /* CollectionInicial.swift in Sources */ = {isa = PBXBuildFile; fileRef = CD2A16D01B4B356B00009956 /* CollectionInicial.swift */; };
		CD2A16D31B4B357F00009956 /* CollectionInicialCell.swift in Sources */ = {isa = PBXBuildFile; fileRef = CD2A16D21B4B357F00009956 /* CollectionInicialCell.swift */; };
		CD2A16DB1B4B632A00009956 /* AddPessoaViewController.swift in Sources */ = {isa = PBXBuildFile; fileRef = CD2A16DA1B4B632A00009956 /* AddPessoaViewController.swift */; };
		CD2A16DD1B4B666A00009956 /* profileIcon.png in Resources */ = {isa = PBXBuildFile; fileRef = CD2A16DC1B4B666A00009956 /* profileIcon.png */; };
		CD2A16E31B4C472900009956 /* verde.png in Resources */ = {isa = PBXBuildFile; fileRef = CD2A16E21B4C472900009956 /* verde.png */; };
		CD2A16E51B4C472D00009956 /* vermelho.png in Resources */ = {isa = PBXBuildFile; fileRef = CD2A16E41B4C472D00009956 /* vermelho.png */; };
		CD2A16E91B4C4BD400009956 /* bump.png in Resources */ = {isa = PBXBuildFile; fileRef = CD2A16E81B4C4BD400009956 /* bump.png */; };
		CD2A16EB1B4C4E1F00009956 /* TransacaoViewController.swift in Sources */ = {isa = PBXBuildFile; fileRef = CD2A16EA1B4C4E1F00009956 /* TransacaoViewController.swift */; };
		CD3E159F1B4B160B00253220 /* DataManager.swift in Sources */ = {isa = PBXBuildFile; fileRef = CD3E159E1B4B160B00253220 /* DataManager.swift */; };
		CD3E15A11B4B210900253220 /* Pessoa.swift in Sources */ = {isa = PBXBuildFile; fileRef = CD3E15A01B4B210900253220 /* Pessoa.swift */; };
		CD3E15A31B4B210900253220 /* Entrada.swift in Sources */ = {isa = PBXBuildFile; fileRef = CD3E15A21B4B210900253220 /* Entrada.swift */; };
		CD86F71D1B4C66B6001EF10C /* ColorServiceManager.swift in Sources */ = {isa = PBXBuildFile; fileRef = CD86F71C1B4C66B6001EF10C /* ColorServiceManager.swift */; };
/* End PBXBuildFile section */

/* Begin PBXContainerItemProxy section */
		A7E1E7F81B45C7DC00151D74 /* PBXContainerItemProxy */ = {
			isa = PBXContainerItemProxy;
			containerPortal = A7E1E7D71B45C7DB00151D74 /* Project object */;
			proxyType = 1;
			remoteGlobalIDString = A7E1E7DE1B45C7DB00151D74;
			remoteInfo = CoreData;
		};
/* End PBXContainerItemProxy section */

/* Begin PBXFileReference section */
		A7E1E7DF1B45C7DB00151D74 /* CoreData.app */ = {isa = PBXFileReference; explicitFileType = wrapper.application; includeInIndex = 0; path = CoreData.app; sourceTree = BUILT_PRODUCTS_DIR; };
		A7E1E7E31B45C7DC00151D74 /* Info.plist */ = {isa = PBXFileReference; lastKnownFileType = text.plist.xml; path = Info.plist; sourceTree = "<group>"; };
		A7E1E7E41B45C7DC00151D74 /* AppDelegate.swift */ = {isa = PBXFileReference; lastKnownFileType = sourcecode.swift; path = AppDelegate.swift; sourceTree = "<group>"; };
		A7E1E7E71B45C7DC00151D74 /* CoreData.xcdatamodel */ = {isa = PBXFileReference; lastKnownFileType = wrapper.xcdatamodel; path = CoreData.xcdatamodel; sourceTree = "<group>"; };
		A7E1E7E91B45C7DC00151D74 /* ViewController.swift */ = {isa = PBXFileReference; lastKnownFileType = sourcecode.swift; path = ViewController.swift; sourceTree = "<group>"; };
		A7E1E7EC1B45C7DC00151D74 /* Base */ = {isa = PBXFileReference; lastKnownFileType = file.storyboard; name = Base; path = Base.lproj/Main.storyboard; sourceTree = "<group>"; };
		A7E1E7EE1B45C7DC00151D74 /* Images.xcassets */ = {isa = PBXFileReference; lastKnownFileType = folder.assetcatalog; path = Images.xcassets; sourceTree = "<group>"; };
		A7E1E7F11B45C7DC00151D74 /* Base */ = {isa = PBXFileReference; lastKnownFileType = file.xib; name = Base; path = Base.lproj/LaunchScreen.xib; sourceTree = "<group>"; };
		A7E1E7F71B45C7DC00151D74 /* CoreDataTests.xctest */ = {isa = PBXFileReference; explicitFileType = wrapper.cfbundle; includeInIndex = 0; path = CoreDataTests.xctest; sourceTree = BUILT_PRODUCTS_DIR; };
		A7E1E7FC1B45C7DC00151D74 /* Info.plist */ = {isa = PBXFileReference; lastKnownFileType = text.plist.xml; path = Info.plist; sourceTree = "<group>"; };
		A7E1E7FD1B45C7DC00151D74 /* CoreDataTests.swift */ = {isa = PBXFileReference; lastKnownFileType = sourcecode.swift; path = CoreDataTests.swift; sourceTree = "<group>"; };
		A7F793401B4C1F17001E98AB /* EscolhaPessoaTableViewController.swift */ = {isa = PBXFileReference; fileEncoding = 4; lastKnownFileType = sourcecode.swift; path = EscolhaPessoaTableViewController.swift; sourceTree = "<group>"; };
		A7F793421B4C1F2B001E98AB /* EscolhaPessoaTableViewCell.swift */ = {isa = PBXFileReference; fileEncoding = 4; lastKnownFileType = sourcecode.swift; name = EscolhaPessoaTableViewCell.swift; path = ../EscolhaPessoaTableViewCell.swift; sourceTree = "<group>"; };
		A7F793441B4C2B3D001E98AB /* ExtratoTableViewController.swift */ = {isa = PBXFileReference; fileEncoding = 4; lastKnownFileType = sourcecode.swift; name = ExtratoTableViewController.swift; path = ../ExtratoTableViewController.swift; sourceTree = "<group>"; };
		A7F793461B4C2BA9001E98AB /* ExtratoTableViewCell.swift */ = {isa = PBXFileReference; fileEncoding = 4; lastKnownFileType = sourcecode.swift; name = ExtratoTableViewCell.swift; path = ../ExtratoTableViewCell.swift; sourceTree = "<group>"; };
		CD2A16CC1B4B342B00009956 /* arrowIcon.png */ = {isa = PBXFileReference; lastKnownFileType = image.png; path = arrowIcon.png; sourceTree = "<group>"; };
		CD2A16CE1B4B34DB00009956 /* 123.png */ = {isa = PBXFileReference; lastKnownFileType = image.png; path = 123.png; sourceTree = "<group>"; };
		CD2A16D01B4B356B00009956 /* CollectionInicial.swift */ = {isa = PBXFileReference; fileEncoding = 4; lastKnownFileType = sourcecode.swift; path = CollectionInicial.swift; sourceTree = "<group>"; };
		CD2A16D21B4B357F00009956 /* CollectionInicialCell.swift */ = {isa = PBXFileReference; fileEncoding = 4; lastKnownFileType = sourcecode.swift; path = CollectionInicialCell.swift; sourceTree = "<group>"; };
		CD2A16DA1B4B632A00009956 /* AddPessoaViewController.swift */ = {isa = PBXFileReference; fileEncoding = 4; lastKnownFileType = sourcecode.swift; path = AddPessoaViewController.swift; sourceTree = "<group>"; };
		CD2A16DC1B4B666A00009956 /* profileIcon.png */ = {isa = PBXFileReference; lastKnownFileType = image.png; path = profileIcon.png; sourceTree = "<group>"; };
		CD2A16E21B4C472900009956 /* verde.png */ = {isa = PBXFileReference; lastKnownFileType = image.png; path = verde.png; sourceTree = "<group>"; };
		CD2A16E41B4C472D00009956 /* vermelho.png */ = {isa = PBXFileReference; lastKnownFileType = image.png; path = vermelho.png; sourceTree = "<group>"; };
		CD2A16E81B4C4BD400009956 /* bump.png */ = {isa = PBXFileReference; lastKnownFileType = image.png; path = bump.png; sourceTree = "<group>"; };
		CD2A16EA1B4C4E1F00009956 /* TransacaoViewController.swift */ = {isa = PBXFileReference; fileEncoding = 4; lastKnownFileType = sourcecode.swift; path = TransacaoViewController.swift; sourceTree = "<group>"; };
		CD3E159E1B4B160B00253220 /* DataManager.swift */ = {isa = PBXFileReference; fileEncoding = 4; lastKnownFileType = sourcecode.swift; path = DataManager.swift; sourceTree = "<group>"; };
		CD3E15A01B4B210900253220 /* Pessoa.swift */ = {isa = PBXFileReference; fileEncoding = 4; lastKnownFileType = sourcecode.swift; path = Pessoa.swift; sourceTree = "<group>"; };
		CD3E15A21B4B210900253220 /* Entrada.swift */ = {isa = PBXFileReference; fileEncoding = 4; lastKnownFileType = sourcecode.swift; path = Entrada.swift; sourceTree = "<group>"; };
		CD86F71C1B4C66B6001EF10C /* ColorServiceManager.swift */ = {isa = PBXFileReference; fileEncoding = 4; lastKnownFileType = sourcecode.swift; path = ColorServiceManager.swift; sourceTree = "<group>"; };
/* End PBXFileReference section */

/* Begin PBXFrameworksBuildPhase section */
		A7E1E7DC1B45C7DB00151D74 /* Frameworks */ = {
			isa = PBXFrameworksBuildPhase;
			buildActionMask = 2147483647;
			files = (
			);
			runOnlyForDeploymentPostprocessing = 0;
		};
		A7E1E7F41B45C7DC00151D74 /* Frameworks */ = {
			isa = PBXFrameworksBuildPhase;
			buildActionMask = 2147483647;
			files = (
			);
			runOnlyForDeploymentPostprocessing = 0;
		};
/* End PBXFrameworksBuildPhase section */

/* Begin PBXGroup section */
		A7E1E7D61B45C7DB00151D74 = {
			isa = PBXGroup;
			children = (
				A7E1E7E11B45C7DB00151D74 /* CoreData */,
				A7E1E7FA1B45C7DC00151D74 /* CoreDataTests */,
				A7E1E7E01B45C7DB00151D74 /* Products */,
			);
			sourceTree = "<group>";
		};
		A7E1E7E01B45C7DB00151D74 /* Products */ = {
			isa = PBXGroup;
			children = (
				A7E1E7DF1B45C7DB00151D74 /* CoreData.app */,
				A7E1E7F71B45C7DC00151D74 /* CoreDataTests.xctest */,
			);
			name = Products;
			sourceTree = "<group>";
		};
		A7E1E7E11B45C7DB00151D74 /* CoreData */ = {
			isa = PBXGroup;
			children = (
				CD2A16D91B4B5A2500009956 /* Controller */,
				CD2A16D81B4B59D500009956 /* Resources */,
				CD2A16D71B4B59D000009956 /* View */,
				CD2A16D61B4B59C600009956 /* Model */,
				A7E1E7E21B45C7DB00151D74 /* Supporting Files */,
			);
			path = CoreData;
			sourceTree = "<group>";
		};
		A7E1E7E21B45C7DB00151D74 /* Supporting Files */ = {
			isa = PBXGroup;
			children = (
				A7E1E7E31B45C7DC00151D74 /* Info.plist */,
			);
			name = "Supporting Files";
			sourceTree = "<group>";
		};
		A7E1E7FA1B45C7DC00151D74 /* CoreDataTests */ = {
			isa = PBXGroup;
			children = (
				A7E1E7FD1B45C7DC00151D74 /* CoreDataTests.swift */,
				A7E1E7FB1B45C7DC00151D74 /* Supporting Files */,
			);
			path = CoreDataTests;
			sourceTree = "<group>";
		};
		A7E1E7FB1B45C7DC00151D74 /* Supporting Files */ = {
			isa = PBXGroup;
			children = (
				A7E1E7FC1B45C7DC00151D74 /* Info.plist */,
			);
			name = "Supporting Files";
			sourceTree = "<group>";
		};
		CD2A16D61B4B59C600009956 /* Model */ = {
			isa = PBXGroup;
			children = (
				CD3E159E1B4B160B00253220 /* DataManager.swift */,
				CD86F71C1B4C66B6001EF10C /* ColorServiceManager.swift */,
				A7E1E7E61B45C7DC00151D74 /* CoreData.xcdatamodeld */,
			);
			name = Model;
			sourceTree = "<group>";
		};
		CD2A16D71B4B59D000009956 /* View */ = {
			isa = PBXGroup;
			children = (
				A7E1E7EB1B45C7DC00151D74 /* Main.storyboard */,
				A7E1E7F01B45C7DC00151D74 /* LaunchScreen.xib */,
				A7E1E7EE1B45C7DC00151D74 /* Images.xcassets */,
			);
			name = View;
			sourceTree = "<group>";
		};
		CD2A16D81B4B59D500009956 /* Resources */ = {
			isa = PBXGroup;
			children = (
				CD2A16DC1B4B666A00009956 /* profileIcon.png */,
				CD2A16CC1B4B342B00009956 /* arrowIcon.png */,
				CD2A16E81B4C4BD400009956 /* bump.png */,
				CD2A16CE1B4B34DB00009956 /* 123.png */,
				CD2A16E21B4C472900009956 /* verde.png */,
				CD2A16E41B4C472D00009956 /* vermelho.png */,
			);
			name = Resources;
			sourceTree = "<group>";
		};
		CD2A16D91B4B5A2500009956 /* Controller */ = {
			isa = PBXGroup;
			children = (
				CD3E15A01B4B210900253220 /* Pessoa.swift */,
				A7E1E7E41B45C7DC00151D74 /* AppDelegate.swift */,
				CD3E15A21B4B210900253220 /* Entrada.swift */,
				A7E1E7E91B45C7DC00151D74 /* ViewController.swift */,
				CD2A16D01B4B356B00009956 /* CollectionInicial.swift */,
				CD2A16D21B4B357F00009956 /* CollectionInicialCell.swift */,
				CD2A16DA1B4B632A00009956 /* AddPessoaViewController.swift */,
				A7F793401B4C1F17001E98AB /* EscolhaPessoaTableViewController.swift */,
				A7F793421B4C1F2B001E98AB /* EscolhaPessoaTableViewCell.swift */,
				CD2A16EA1B4C4E1F00009956 /* TransacaoViewController.swift */,
				A7F793461B4C2BA9001E98AB /* ExtratoTableViewCell.swift */,
				A7F793441B4C2B3D001E98AB /* ExtratoTableViewController.swift */,
			);
			name = Controller;
			sourceTree = "<group>";
		};
/* End PBXGroup section */

/* Begin PBXNativeTarget section */
		A7E1E7DE1B45C7DB00151D74 /* CoreData */ = {
			isa = PBXNativeTarget;
			buildConfigurationList = A7E1E8011B45C7DC00151D74 /* Build configuration list for PBXNativeTarget "CoreData" */;
			buildPhases = (
				A7E1E7DB1B45C7DB00151D74 /* Sources */,
				A7E1E7DC1B45C7DB00151D74 /* Frameworks */,
				A7E1E7DD1B45C7DB00151D74 /* Resources */,
			);
			buildRules = (
			);
			dependencies = (
			);
			name = CoreData;
			productName = CoreData;
			productReference = A7E1E7DF1B45C7DB00151D74 /* CoreData.app */;
			productType = "com.apple.product-type.application";
		};
		A7E1E7F61B45C7DC00151D74 /* CoreDataTests */ = {
			isa = PBXNativeTarget;
			buildConfigurationList = A7E1E8041B45C7DC00151D74 /* Build configuration list for PBXNativeTarget "CoreDataTests" */;
			buildPhases = (
				A7E1E7F31B45C7DC00151D74 /* Sources */,
				A7E1E7F41B45C7DC00151D74 /* Frameworks */,
				A7E1E7F51B45C7DC00151D74 /* Resources */,
			);
			buildRules = (
			);
			dependencies = (
				A7E1E7F91B45C7DC00151D74 /* PBXTargetDependency */,
			);
			name = CoreDataTests;
			productName = CoreDataTests;
			productReference = A7E1E7F71B45C7DC00151D74 /* CoreDataTests.xctest */;
			productType = "com.apple.product-type.bundle.unit-test";
		};
/* End PBXNativeTarget section */

/* Begin PBXProject section */
		A7E1E7D71B45C7DB00151D74 /* Project object */ = {
			isa = PBXProject;
			attributes = {
				LastUpgradeCheck = 0630;
				ORGANIZATIONNAME = "Leonardo Koppe Malanski";
				TargetAttributes = {
					A7E1E7DE1B45C7DB00151D74 = {
						CreatedOnToolsVersion = 6.3.2;
					};
					A7E1E7F61B45C7DC00151D74 = {
						CreatedOnToolsVersion = 6.3.2;
						TestTargetID = A7E1E7DE1B45C7DB00151D74;
					};
				};
			};
			buildConfigurationList = A7E1E7DA1B45C7DB00151D74 /* Build configuration list for PBXProject "CoreData" */;
			compatibilityVersion = "Xcode 3.2";
			developmentRegion = English;
			hasScannedForEncodings = 0;
			knownRegions = (
				en,
				Base,
			);
			mainGroup = A7E1E7D61B45C7DB00151D74;
			productRefGroup = A7E1E7E01B45C7DB00151D74 /* Products */;
			projectDirPath = "";
			projectRoot = "";
			targets = (
				A7E1E7DE1B45C7DB00151D74 /* CoreData */,
				A7E1E7F61B45C7DC00151D74 /* CoreDataTests */,
			);
		};
/* End PBXProject section */

/* Begin PBXResourcesBuildPhase section */
		A7E1E7DD1B45C7DB00151D74 /* Resources */ = {
			isa = PBXResourcesBuildPhase;
			buildActionMask = 2147483647;
			files = (
				CD2A16CD1B4B342B00009956 /* arrowIcon.png in Resources */,
				CD2A16E51B4C472D00009956 /* vermelho.png in Resources */,
				CD2A16E91B4C4BD400009956 /* bump.png in Resources */,
				A7E1E7ED1B45C7DC00151D74 /* Main.storyboard in Resources */,
				A7E1E7F21B45C7DC00151D74 /* LaunchScreen.xib in Resources */,
				A7E1E7EF1B45C7DC00151D74 /* Images.xcassets in Resources */,
				CD2A16E31B4C472900009956 /* verde.png in Resources */,
				CD2A16DD1B4B666A00009956 /* profileIcon.png in Resources */,
				CD2A16CF1B4B34DB00009956 /* 123.png in Resources */,
			);
			runOnlyForDeploymentPostprocessing = 0;
		};
		A7E1E7F51B45C7DC00151D74 /* Resources */ = {
			isa = PBXResourcesBuildPhase;
			buildActionMask = 2147483647;
			files = (
			);
			runOnlyForDeploymentPostprocessing = 0;
		};
/* End PBXResourcesBuildPhase section */

/* Begin PBXSourcesBuildPhase section */
		A7E1E7DB1B45C7DB00151D74 /* Sources */ = {
			isa = PBXSourcesBuildPhase;
			buildActionMask = 2147483647;
			files = (
				CD3E15A11B4B210900253220 /* Pessoa.swift in Sources */,
				A7E1E7EA1B45C7DC00151D74 /* ViewController.swift in Sources */,
				CD3E159F1B4B160B00253220 /* DataManager.swift in Sources */,
				CD2A16D31B4B357F00009956 /* CollectionInicialCell.swift in Sources */,
				CD3E15A31B4B210900253220 /* Entrada.swift in Sources */,
				A7E1E7E81B45C7DC00151D74 /* CoreData.xcdatamodeld in Sources */,
				A7F793451B4C2B3D001E98AB /* ExtratoTableViewController.swift in Sources */,
				A7F793431B4C1F2B001E98AB /* EscolhaPessoaTableViewCell.swift in Sources */,
				A7F793411B4C1F17001E98AB /* EscolhaPessoaTableViewController.swift in Sources */,
				CD2A16EB1B4C4E1F00009956 /* TransacaoViewController.swift in Sources */,
				CD2A16D11B4B356B00009956 /* CollectionInicial.swift in Sources */,
				CD2A16DB1B4B632A00009956 /* AddPessoaViewController.swift in Sources */,
				A7E1E7E51B45C7DC00151D74 /* AppDelegate.swift in Sources */,
				A7F793471B4C2BA9001E98AB /* ExtratoTableViewCell.swift in Sources */,
				CD86F71D1B4C66B6001EF10C /* ColorServiceManager.swift in Sources */,
			);
			runOnlyForDeploymentPostprocessing = 0;
		};
		A7E1E7F31B45C7DC00151D74 /* Sources */ = {
			isa = PBXSourcesBuildPhase;
			buildActionMask = 2147483647;
			files = (
				A7E1E7FE1B45C7DC00151D74 /* CoreDataTests.swift in Sources */,
			);
			runOnlyForDeploymentPostprocessing = 0;
		};
/* End PBXSourcesBuildPhase section */

/* Begin PBXTargetDependency section */
		A7E1E7F91B45C7DC00151D74 /* PBXTargetDependency */ = {
			isa = PBXTargetDependency;
			target = A7E1E7DE1B45C7DB00151D74 /* CoreData */;
			targetProxy = A7E1E7F81B45C7DC00151D74 /* PBXContainerItemProxy */;
		};
/* End PBXTargetDependency section */

/* Begin PBXVariantGroup section */
		A7E1E7EB1B45C7DC00151D74 /* Main.storyboard */ = {
			isa = PBXVariantGroup;
			children = (
				A7E1E7EC1B45C7DC00151D74 /* Base */,
			);
			name = Main.storyboard;
			sourceTree = "<group>";
		};
		A7E1E7F01B45C7DC00151D74 /* LaunchScreen.xib */ = {
			isa = PBXVariantGroup;
			children = (
				A7E1E7F11B45C7DC00151D74 /* Base */,
			);
			name = LaunchScreen.xib;
			sourceTree = "<group>";
		};
/* End PBXVariantGroup section */

/* Begin XCBuildConfiguration section */
		A7E1E7FF1B45C7DC00151D74 /* Debug */ = {
			isa = XCBuildConfiguration;
			buildSettings = {
				ALWAYS_SEARCH_USER_PATHS = NO;
				CLANG_CXX_LANGUAGE_STANDARD = "gnu++0x";
				CLANG_CXX_LIBRARY = "libc++";
				CLANG_ENABLE_MODULES = YES;
				CLANG_ENABLE_OBJC_ARC = YES;
				CLANG_WARN_BOOL_CONVERSION = YES;
				CLANG_WARN_CONSTANT_CONVERSION = YES;
				CLANG_WARN_DIRECT_OBJC_ISA_USAGE = YES_ERROR;
				CLANG_WARN_EMPTY_BODY = YES;
				CLANG_WARN_ENUM_CONVERSION = YES;
				CLANG_WARN_INT_CONVERSION = YES;
				CLANG_WARN_OBJC_ROOT_CLASS = YES_ERROR;
				CLANG_WARN_UNREACHABLE_CODE = YES;
				CLANG_WARN__DUPLICATE_METHOD_MATCH = YES;
				"CODE_SIGN_IDENTITY[sdk=iphoneos*]" = "iPhone Developer";
				COPY_PHASE_STRIP = NO;
				DEBUG_INFORMATION_FORMAT = "dwarf-with-dsym";
				ENABLE_STRICT_OBJC_MSGSEND = YES;
				GCC_C_LANGUAGE_STANDARD = gnu99;
				GCC_DYNAMIC_NO_PIC = NO;
				GCC_NO_COMMON_BLOCKS = YES;
				GCC_OPTIMIZATION_LEVEL = 0;
				GCC_PREPROCESSOR_DEFINITIONS = (
					"DEBUG=1",
					"$(inherited)",
				);
				GCC_SYMBOLS_PRIVATE_EXTERN = NO;
				GCC_WARN_64_TO_32_BIT_CONVERSION = YES;
				GCC_WARN_ABOUT_RETURN_TYPE = YES_ERROR;
				GCC_WARN_UNDECLARED_SELECTOR = YES;
				GCC_WARN_UNINITIALIZED_AUTOS = YES_AGGRESSIVE;
				GCC_WARN_UNUSED_FUNCTION = YES;
				GCC_WARN_UNUSED_VARIABLE = YES;
				IPHONEOS_DEPLOYMENT_TARGET = 8.3;
				MTL_ENABLE_DEBUG_INFO = YES;
				ONLY_ACTIVE_ARCH = YES;
				SDKROOT = iphoneos;
				SWIFT_OPTIMIZATION_LEVEL = "-Onone";
				TARGETED_DEVICE_FAMILY = "1,2";
			};
			name = Debug;
		};
		A7E1E8001B45C7DC00151D74 /* Release */ = {
			isa = XCBuildConfiguration;
			buildSettings = {
				ALWAYS_SEARCH_USER_PATHS = NO;
				CLANG_CXX_LANGUAGE_STANDARD = "gnu++0x";
				CLANG_CXX_LIBRARY = "libc++";
				CLANG_ENABLE_MODULES = YES;
				CLANG_ENABLE_OBJC_ARC = YES;
				CLANG_WARN_BOOL_CONVERSION = YES;
				CLANG_WARN_CONSTANT_CONVERSION = YES;
				CLANG_WARN_DIRECT_OBJC_ISA_USAGE = YES_ERROR;
				CLANG_WARN_EMPTY_BODY = YES;
				CLANG_WARN_ENUM_CONVERSION = YES;
				CLANG_WARN_INT_CONVERSION = YES;
				CLANG_WARN_OBJC_ROOT_CLASS = YES_ERROR;
				CLANG_WARN_UNREACHABLE_CODE = YES;
				CLANG_WARN__DUPLICATE_METHOD_MATCH = YES;
				"CODE_SIGN_IDENTITY[sdk=iphoneos*]" = "iPhone Developer";
				COPY_PHASE_STRIP = NO;
				DEBUG_INFORMATION_FORMAT = "dwarf-with-dsym";
				ENABLE_NS_ASSERTIONS = NO;
				ENABLE_STRICT_OBJC_MSGSEND = YES;
				GCC_C_LANGUAGE_STANDARD = gnu99;
				GCC_NO_COMMON_BLOCKS = YES;
				GCC_WARN_64_TO_32_BIT_CONVERSION = YES;
				GCC_WARN_ABOUT_RETURN_TYPE = YES_ERROR;
				GCC_WARN_UNDECLARED_SELECTOR = YES;
				GCC_WARN_UNINITIALIZED_AUTOS = YES_AGGRESSIVE;
				GCC_WARN_UNUSED_FUNCTION = YES;
				GCC_WARN_UNUSED_VARIABLE = YES;
				IPHONEOS_DEPLOYMENT_TARGET = 8.3;
				MTL_ENABLE_DEBUG_INFO = NO;
				SDKROOT = iphoneos;
				TARGETED_DEVICE_FAMILY = "1,2";
				VALIDATE_PRODUCT = YES;
			};
			name = Release;
		};
		A7E1E8021B45C7DC00151D74 /* Debug */ = {
			isa = XCBuildConfiguration;
			buildSettings = {
				ASSETCATALOG_COMPILER_APPICON_NAME = AppIcon;
				INFOPLIST_FILE = CoreData/Info.plist;
				LD_RUNPATH_SEARCH_PATHS = "$(inherited) @executable_path/Frameworks";
				PRODUCT_NAME = "$(TARGET_NAME)";
			};
			name = Debug;
		};
		A7E1E8031B45C7DC00151D74 /* Release */ = {
			isa = XCBuildConfiguration;
			buildSettings = {
				ASSETCATALOG_COMPILER_APPICON_NAME = AppIcon;
				INFOPLIST_FILE = CoreData/Info.plist;
				LD_RUNPATH_SEARCH_PATHS = "$(inherited) @executable_path/Frameworks";
				PRODUCT_NAME = "$(TARGET_NAME)";
			};
			name = Release;
		};
		A7E1E8051B45C7DC00151D74 /* Debug */ = {
			isa = XCBuildConfiguration;
			buildSettings = {
				BUNDLE_LOADER = "$(TEST_HOST)";
				FRAMEWORK_SEARCH_PATHS = (
					"$(SDKROOT)/Developer/Library/Frameworks",
					"$(inherited)",
				);
				GCC_PREPROCESSOR_DEFINITIONS = (
					"DEBUG=1",
					"$(inherited)",
				);
				INFOPLIST_FILE = CoreDataTests/Info.plist;
				LD_RUNPATH_SEARCH_PATHS = "$(inherited) @executable_path/Frameworks @loader_path/Frameworks";
				PRODUCT_NAME = "$(TARGET_NAME)";
				TEST_HOST = "$(BUILT_PRODUCTS_DIR)/CoreData.app/CoreData";
			};
			name = Debug;
		};
		A7E1E8061B45C7DC00151D74 /* Release */ = {
			isa = XCBuildConfiguration;
			buildSettings = {
				BUNDLE_LOADER = "$(TEST_HOST)";
				FRAMEWORK_SEARCH_PATHS = (
					"$(SDKROOT)/Developer/Library/Frameworks",
					"$(inherited)",
				);
				INFOPLIST_FILE = CoreDataTests/Info.plist;
				LD_RUNPATH_SEARCH_PATHS = "$(inherited) @executable_path/Frameworks @loader_path/Frameworks";
				PRODUCT_NAME = "$(TARGET_NAME)";
				TEST_HOST = "$(BUILT_PRODUCTS_DIR)/CoreData.app/CoreData";
			};
			name = Release;
		};
/* End XCBuildConfiguration section */

/* Begin XCConfigurationList section */
		A7E1E7DA1B45C7DB00151D74 /* Build configuration list for PBXProject "CoreData" */ = {
			isa = XCConfigurationList;
			buildConfigurations = (
				A7E1E7FF1B45C7DC00151D74 /* Debug */,
				A7E1E8001B45C7DC00151D74 /* Release */,
			);
			defaultConfigurationIsVisible = 0;
			defaultConfigurationName = Release;
		};
		A7E1E8011B45C7DC00151D74 /* Build configuration list for PBXNativeTarget "CoreData" */ = {
			isa = XCConfigurationList;
			buildConfigurations = (
				A7E1E8021B45C7DC00151D74 /* Debug */,
				A7E1E8031B45C7DC00151D74 /* Release */,
			);
			defaultConfigurationIsVisible = 0;
			defaultConfigurationName = Release;
		};
		A7E1E8041B45C7DC00151D74 /* Build configuration list for PBXNativeTarget "CoreDataTests" */ = {
			isa = XCConfigurationList;
			buildConfigurations = (
				A7E1E8051B45C7DC00151D74 /* Debug */,
				A7E1E8061B45C7DC00151D74 /* Release */,
			);
			defaultConfigurationIsVisible = 0;
			defaultConfigurationName = Release;
		};
/* End XCConfigurationList section */

/* Begin XCVersionGroup section */
		A7E1E7E61B45C7DC00151D74 /* CoreData.xcdatamodeld */ = {
			isa = XCVersionGroup;
			children = (
				A7E1E7E71B45C7DC00151D74 /* CoreData.xcdatamodel */,
			);
			currentVersion = A7E1E7E71B45C7DC00151D74 /* CoreData.xcdatamodel */;
			path = CoreData.xcdatamodeld;
			sourceTree = "<group>";
			versionGroupType = wrapper.xcdatamodel;
		};
/* End XCVersionGroup section */
	};
	rootObject = A7E1E7D71B45C7DB00151D74 /* Project object */;
}
